
Microsoft Visual Studio Solution File, Format Version 12.00
# Visual Studio Version 17
VisualStudioVersion = 17.14.36327.8
MinimumVisualStudioVersion = 10.0.40219.1
Project("{FAE04EC0-301F-11D3-BF4B-00C04F79EFBC}") = "EmploTask1.Domain", "EmploTask1.Domain\EmploTask1.Domain.csproj", "{2906F5FA-7BA4-4202-9BC9-67180DD0016E}"
EndProject
Project("{FAE04EC0-301F-11D3-BF4B-00C04F79EFBC}") = "EmploTask1.Application", "EmploTask1.Application\EmploTask1.Application.csproj", "{A8D30478-6F63-45D3-90F7-B4248891C36D}"
EndProject
Project("{FAE04EC0-301F-11D3-BF4B-00C04F79EFBC}") = "EmploTask1.Application.Tests", "EmploTask1.Application.Tests\EmploTask1.Application.Tests.csproj", "{B4C6E5D1-8CA6-4944-AF68-7A60F0E47C18}"
EndProject
Global
	GlobalSection(SolutionConfigurationPlatforms) = preSolution
		Debug|Any CPU = Debug|Any CPU
		Release|Any CPU = Release|Any CPU
	EndGlobalSection
	GlobalSection(ProjectConfigurationPlatforms) = postSolution
		{2906F5FA-7BA4-4202-9BC9-67180DD0016E}.Debug|Any CPU.ActiveCfg = Debug|Any CPU
		{2906F5FA-7BA4-4202-9BC9-67180DD0016E}.Debug|Any CPU.Build.0 = Debug|Any CPU
		{2906F5FA-7BA4-4202-9BC9-67180DD0016E}.Release|Any CPU.ActiveCfg = Release|Any CPU
		{2906F5FA-7BA4-4202-9BC9-67180DD0016E}.Release|Any CPU.Build.0 = Release|Any CPU
		{A8D30478-6F63-45D3-90F7-B4248891C36D}.Debug|Any CPU.ActiveCfg = Debug|Any CPU
		{A8D30478-6F63-45D3-90F7-B4248891C36D}.Debug|Any CPU.Build.0 = Debug|Any CPU
		{A8D30478-6F63-45D3-90F7-B4248891C36D}.Release|Any CPU.ActiveCfg = Release|Any CPU
		{A8D30478-6F63-45D3-90F7-B4248891C36D}.Release|Any CPU.Build.0 = Release|Any CPU
		{B4C6E5D1-8CA6-4944-AF68-7A60F0E47C18}.Debug|Any CPU.ActiveCfg = Debug|Any CPU
		{B4C6E5D1-8CA6-4944-AF68-7A60F0E47C18}.Debug|Any CPU.Build.0 = Debug|Any CPU
		{B4C6E5D1-8CA6-4944-AF68-7A60F0E47C18}.Release|Any CPU.ActiveCfg = Release|Any CPU
		{B4C6E5D1-8CA6-4944-AF68-7A60F0E47C18}.Release|Any CPU.Build.0 = Release|Any CPU
	EndGlobalSection
	GlobalSection(SolutionProperties) = preSolution
		HideSolutionNode = FALSE
	EndGlobalSection
	GlobalSection(ExtensibilityGlobals) = postSolution
		SolutionGuid = {2D06F3B6-35A4-41A3-87A7-CDBE61333F5D}
	EndGlobalSection
EndGlobal
